
Microsoft Visual Studio Solution File, Format Version 12.00
# Visual Studio 14
VisualStudioVersion = 14.0.23107.0
MinimumVisualStudioVersion = 10.0.40219.1
Project("{FAE04EC0-301F-11D3-BF4B-00C04F79EFBC}") = "Frapid.Config.DataAccess", "DataAccess\Frapid.Config.DataAccess.csproj", "{6DE77AC1-1B75-4F9B-AB18-57B5B47ADA22}"
EndProject
Project("{FAE04EC0-301F-11D3-BF4B-00C04F79EFBC}") = "Frapid.Config.Entities", "Entities\Frapid.Config.Entities.csproj", "{14978E9F-28A4-440F-9B85-21D8C18A84AF}"
EndProject
Project("{FAE04EC0-301F-11D3-BF4B-00C04F79EFBC}") = "Frapid.Config.Api", "WebApi\Frapid.Config.Api.csproj", "{06ED5A8A-5D68-4816-8C2B-C7790F0A1D22}"
EndProject
Global
	GlobalSection(SolutionConfigurationPlatforms) = preSolution
		Debug|Any CPU = Debug|Any CPU
		Release|Any CPU = Release|Any CPU
	EndGlobalSection
	GlobalSection(ProjectConfigurationPlatforms) = postSolution
		{6DE77AC1-1B75-4F9B-AB18-57B5B47ADA22}.Debug|Any CPU.ActiveCfg = Debug|Any CPU
		{6DE77AC1-1B75-4F9B-AB18-57B5B47ADA22}.Debug|Any CPU.Build.0 = Debug|Any CPU
		{6DE77AC1-1B75-4F9B-AB18-57B5B47ADA22}.Release|Any CPU.ActiveCfg = Release|Any CPU
		{6DE77AC1-1B75-4F9B-AB18-57B5B47ADA22}.Release|Any CPU.Build.0 = Release|Any CPU
		{14978E9F-28A4-440F-9B85-21D8C18A84AF}.Debug|Any CPU.ActiveCfg = Debug|Any CPU
		{14978E9F-28A4-440F-9B85-21D8C18A84AF}.Debug|Any CPU.Build.0 = Debug|Any CPU
		{14978E9F-28A4-440F-9B85-21D8C18A84AF}.Release|Any CPU.ActiveCfg = Release|Any CPU
		{14978E9F-28A4-440F-9B85-21D8C18A84AF}.Release|Any CPU.Build.0 = Release|Any CPU
		{06ED5A8A-5D68-4816-8C2B-C7790F0A1D22}.Debug|Any CPU.ActiveCfg = Debug|Any CPU
		{06ED5A8A-5D68-4816-8C2B-C7790F0A1D22}.Debug|Any CPU.Build.0 = Debug|Any CPU
		{06ED5A8A-5D68-4816-8C2B-C7790F0A1D22}.Release|Any CPU.ActiveCfg = Release|Any CPU
		{06ED5A8A-5D68-4816-8C2B-C7790F0A1D22}.Release|Any CPU.Build.0 = Release|Any CPU
	EndGlobalSection
	GlobalSection(SolutionProperties) = preSolution
		HideSolutionNode = FALSE
	EndGlobalSection
EndGlobal
