
Microsoft Visual Studio Solution File, Format Version 12.00
# Visual Studio 14
VisualStudioVersion = 14.0.23107.0
MinimumVisualStudioVersion = 10.0.40219.1
Project("{FAE04EC0-301F-11D3-BF4B-00C04F79EFBC}") = "Frapid.Core", "Frapid.Core.csproj", "{B51A45E5-2413-4AD6-BC9D-CB00D9540784}"
EndProject
Project("{FAE04EC0-301F-11D3-BF4B-00C04F79EFBC}") = "Frapid.Core.Entities", "Entities\Frapid.Core.Entities.csproj", "{010500AE-8A0B-4230-ADDF-DD7A17E4E522}"
EndProject
Project("{FAE04EC0-301F-11D3-BF4B-00C04F79EFBC}") = "Frapid.Core.DataAccess", "DataAccess\Frapid.Core.DataAccess.csproj", "{BF0B076D-EFD8-45D6-AF5D-D2AE2AFF3DC8}"
EndProject
Project("{FAE04EC0-301F-11D3-BF4B-00C04F79EFBC}") = "Frapid.Core.Api", "WebAPI\Frapid.Core.Api.csproj", "{793D1121-14E8-483C-836F-888C1B6EBF26}"
EndProject
Global
	GlobalSection(SolutionConfigurationPlatforms) = preSolution
		Debug|Any CPU = Debug|Any CPU
		Release|Any CPU = Release|Any CPU
	EndGlobalSection
	GlobalSection(ProjectConfigurationPlatforms) = postSolution
		{B51A45E5-2413-4AD6-BC9D-CB00D9540784}.Debug|Any CPU.ActiveCfg = Debug|Any CPU
		{B51A45E5-2413-4AD6-BC9D-CB00D9540784}.Debug|Any CPU.Build.0 = Debug|Any CPU
		{B51A45E5-2413-4AD6-BC9D-CB00D9540784}.Release|Any CPU.ActiveCfg = Release|Any CPU
		{B51A45E5-2413-4AD6-BC9D-CB00D9540784}.Release|Any CPU.Build.0 = Release|Any CPU
		{010500AE-8A0B-4230-ADDF-DD7A17E4E522}.Debug|Any CPU.ActiveCfg = Debug|Any CPU
		{010500AE-8A0B-4230-ADDF-DD7A17E4E522}.Debug|Any CPU.Build.0 = Debug|Any CPU
		{010500AE-8A0B-4230-ADDF-DD7A17E4E522}.Release|Any CPU.ActiveCfg = Release|Any CPU
		{010500AE-8A0B-4230-ADDF-DD7A17E4E522}.Release|Any CPU.Build.0 = Release|Any CPU
		{BF0B076D-EFD8-45D6-AF5D-D2AE2AFF3DC8}.Debug|Any CPU.ActiveCfg = Debug|Any CPU
		{BF0B076D-EFD8-45D6-AF5D-D2AE2AFF3DC8}.Debug|Any CPU.Build.0 = Debug|Any CPU
		{BF0B076D-EFD8-45D6-AF5D-D2AE2AFF3DC8}.Release|Any CPU.ActiveCfg = Release|Any CPU
		{BF0B076D-EFD8-45D6-AF5D-D2AE2AFF3DC8}.Release|Any CPU.Build.0 = Release|Any CPU
		{793D1121-14E8-483C-836F-888C1B6EBF26}.Debug|Any CPU.ActiveCfg = Debug|Any CPU
		{793D1121-14E8-483C-836F-888C1B6EBF26}.Debug|Any CPU.Build.0 = Debug|Any CPU
		{793D1121-14E8-483C-836F-888C1B6EBF26}.Release|Any CPU.ActiveCfg = Release|Any CPU
		{793D1121-14E8-483C-836F-888C1B6EBF26}.Release|Any CPU.Build.0 = Release|Any CPU
	EndGlobalSection
	GlobalSection(SolutionProperties) = preSolution
		HideSolutionNode = FALSE
	EndGlobalSection
EndGlobal
