
Microsoft Visual Studio Solution File, Format Version 12.00
# Visual Studio 14
VisualStudioVersion = 14.0.23107.0
MinimumVisualStudioVersion = 10.0.40219.1
Project("{FAE04EC0-301F-11D3-BF4B-00C04F79EFBC}") = "WebAPIProject", "WebAPIProject.csproj", "{7A5D03B8-72EB-4CD3-A606-BD81FAB083F5}"
EndProject
Project("{FAE04EC0-301F-11D3-BF4B-00C04F79EFBC}") = "WebAPIProject.Entities", "Entities\WebAPIProject.Entities.csproj", "{77CA35B9-1B6B-42E9-97F6-144B9BCBBB1B}"
EndProject
Project("{FAE04EC0-301F-11D3-BF4B-00C04F79EFBC}") = "WebAPIProject.DataAccess", "DataAccess\WebAPIProject.DataAccess.csproj", "{92107FF1-ADFC-4A92-8BDE-FAEB84EF4049}"
EndProject
Project("{FAE04EC0-301F-11D3-BF4B-00C04F79EFBC}") = "WebAPIProject.Api", "WebAPI\WebAPIProject.Api.csproj", "{C5DC19DF-593C-45B2-9756-9ACB1D52DA01}"
EndProject
Global
	GlobalSection(SolutionConfigurationPlatforms) = preSolution
		Debug|Any CPU = Debug|Any CPU
		Release|Any CPU = Release|Any CPU
	EndGlobalSection
	GlobalSection(ProjectConfigurationPlatforms) = postSolution
		{7A5D03B8-72EB-4CD3-A606-BD81FAB083F5}.Debug|Any CPU.ActiveCfg = Debug|Any CPU
		{7A5D03B8-72EB-4CD3-A606-BD81FAB083F5}.Debug|Any CPU.Build.0 = Debug|Any CPU
		{7A5D03B8-72EB-4CD3-A606-BD81FAB083F5}.Release|Any CPU.ActiveCfg = Release|Any CPU
		{7A5D03B8-72EB-4CD3-A606-BD81FAB083F5}.Release|Any CPU.Build.0 = Release|Any CPU
		{77CA35B9-1B6B-42E9-97F6-144B9BCBBB1B}.Debug|Any CPU.ActiveCfg = Debug|Any CPU
		{77CA35B9-1B6B-42E9-97F6-144B9BCBBB1B}.Debug|Any CPU.Build.0 = Debug|Any CPU
		{77CA35B9-1B6B-42E9-97F6-144B9BCBBB1B}.Release|Any CPU.ActiveCfg = Release|Any CPU
		{77CA35B9-1B6B-42E9-97F6-144B9BCBBB1B}.Release|Any CPU.Build.0 = Release|Any CPU
		{92107FF1-ADFC-4A92-8BDE-FAEB84EF4049}.Debug|Any CPU.ActiveCfg = Debug|Any CPU
		{92107FF1-ADFC-4A92-8BDE-FAEB84EF4049}.Debug|Any CPU.Build.0 = Debug|Any CPU
		{92107FF1-ADFC-4A92-8BDE-FAEB84EF4049}.Release|Any CPU.ActiveCfg = Release|Any CPU
		{92107FF1-ADFC-4A92-8BDE-FAEB84EF4049}.Release|Any CPU.Build.0 = Release|Any CPU
		{C5DC19DF-593C-45B2-9756-9ACB1D52DA01}.Debug|Any CPU.ActiveCfg = Debug|Any CPU
		{C5DC19DF-593C-45B2-9756-9ACB1D52DA01}.Debug|Any CPU.Build.0 = Debug|Any CPU
		{C5DC19DF-593C-45B2-9756-9ACB1D52DA01}.Release|Any CPU.ActiveCfg = Release|Any CPU
		{C5DC19DF-593C-45B2-9756-9ACB1D52DA01}.Release|Any CPU.Build.0 = Release|Any CPU
	EndGlobalSection
	GlobalSection(SolutionProperties) = preSolution
		HideSolutionNode = FALSE
	EndGlobalSection
EndGlobal
