
Microsoft Visual Studio Solution File, Format Version 12.00
# Visual Studio 14
VisualStudioVersion = 14.0.24720.0
MinimumVisualStudioVersion = 10.0.40219.1
Project("{FAE04EC0-301F-11D3-BF4B-00C04F79EFBC}") = "Frapid.Web", "Frapid.Web\Frapid.Web.csproj", "{77C7D586-FEE9-40E2-A1C4-699EF4B0A1F3}"
EndProject
Project("{2150E333-8FDC-42A3-9474-1A3956D46DE8}") = "Core", "Core", "{0DFA1BB9-74FE-4C63-B8AF-0B312ED992F6}"
EndProject
Project("{FAE04EC0-301F-11D3-BF4B-00C04F79EFBC}") = "Frapid.Configuration", "Libraries\Frapid.Configuration\Frapid.Configuration.csproj", "{CA3C3D39-6775-4234-B343-38F0724ADCF8}"
EndProject
Project("{FAE04EC0-301F-11D3-BF4B-00C04F79EFBC}") = "Frapid.DataAccess", "Libraries\Frapid.DataAccess\Frapid.DataAccess.csproj", "{9BEA3809-B6D5-4025-AE7E-868E5E7E9C76}"
EndProject
Project("{FAE04EC0-301F-11D3-BF4B-00C04F79EFBC}") = "Frapid.Framework", "Libraries\Frapid.Framework\Frapid.Framework.csproj", "{A4DEE358-3203-425C-80E9-8EBA0A01B73F}"
EndProject
Project("{FAE04EC0-301F-11D3-BF4B-00C04F79EFBC}") = "Frapid.i18n", "Libraries\Frapid.i18n\Frapid.i18n.csproj", "{88DFDF57-A52B-4D71-A0C4-BEF1A3839506}"
EndProject
Project("{FAE04EC0-301F-11D3-BF4B-00C04F79EFBC}") = "Frapid.Areas", "Libraries\Frapid.Areas\Frapid.Areas.csproj", "{0361910A-7773-4EE9-861B-FFC5636D82D1}"
EndProject
Project("{FAE04EC0-301F-11D3-BF4B-00C04F79EFBC}") = "Frapid.NPoco", "Libraries\Frapid.NPoco\Frapid.NPoco.csproj", "{58F77141-FFE7-45F6-B726-80100204E69D}"
EndProject
Project("{FAE04EC0-301F-11D3-BF4B-00C04F79EFBC}") = "Frapid.Installer", "Libraries\Frapid.Installer\Frapid.Installer.csproj", "{BFFE76A6-7E9D-42FA-AB3A-108BD2125923}"
EndProject
Project("{2150E333-8FDC-42A3-9474-1A3956D46DE8}") = "Modules", "Modules", "{23C8FECB-C7F3-4FF1-B2FF-8B296420C8CB}"
EndProject
Project("{FAE04EC0-301F-11D3-BF4B-00C04F79EFBC}") = "Frapid.ApplicationState", "Libraries\Frapid.ApplicationState\Frapid.ApplicationState.csproj", "{EF3D84F8-3D64-45D7-9050-3AE204F5AA72}"
EndProject
Project("{FAE04EC0-301F-11D3-BF4B-00C04F79EFBC}") = "Frapid.DbPolicy", "Libraries\Frapid.DbPolicy\Frapid.DbPolicy.csproj", "{E2C5690C-EF80-4AFA-8107-5E58A936B15F}"
EndProject
Project("{FAE04EC0-301F-11D3-BF4B-00C04F79EFBC}") = "Frapid.Messaging", "Libraries\Frapid.Messaging\Frapid.Messaging.csproj", "{9408FEDE-8A04-460D-8FD9-1C710C1BAAEB}"
EndProject
Project("{FAE04EC0-301F-11D3-BF4B-00C04F79EFBC}") = "Frapid.WebApi", "Libraries\Frapid.WebApi\Frapid.WebApi.csproj", "{BA48911F-16A7-4CC7-A04C-6559BAE1F89F}"
EndProject
Project("{FAE04EC0-301F-11D3-BF4B-00C04F79EFBC}") = "Frapid.TokenManager", "Libraries\Frapid.TokenManager\Frapid.TokenManager.csproj", "{EF3BDE7C-A3D5-493A-8817-BF47DF9CAE47}"
EndProject
Project("{2150E333-8FDC-42A3-9474-1A3956D46DE8}") = "Integration", "Integration", "{BF2A4AB4-6B8F-4AC1-B90A-4A238B082F85}"
EndProject
Project("{FAE04EC0-301F-11D3-BF4B-00C04F79EFBC}") = "Frapid.SendGridMail", "Integrations\Frapid.SendGridMail\Frapid.SendGridMail.csproj", "{695F3E2D-2DD0-418F-9805-B6400B6B4466}"
EndProject
Project("{FAE04EC0-301F-11D3-BF4B-00C04F79EFBC}") = "Frapid.Mailgun", "Integrations\Frapid.Mailgun\Frapid.Mailgun.csproj", "{123D352D-8DDF-49EF-9373-A4523A05DBDA}"
EndProject
Project("{FAE04EC0-301F-11D3-BF4B-00C04F79EFBC}") = "frapid", "Libraries\Frapid.CommandLine\frapid.csproj", "{CD47926F-7148-49A1-AD08-A96B74A3A5F6}"
EndProject
Project("{2150E333-8FDC-42A3-9474-1A3956D46DE8}") = "Console", "Console", "{1FB0A4E1-7F94-4FCB-A26B-312A7A3B5036}"
EndProject
Project("{FAE04EC0-301F-11D3-BF4B-00C04F79EFBC}") = "Frapid.Backups", "Libraries\Frapid.Backups\Frapid.Backups.csproj", "{8993AD31-C303-4CA0-92D9-C100585A78E5}"
EndProject
Global
	GlobalSection(SolutionConfigurationPlatforms) = preSolution
		Debug|Any CPU = Debug|Any CPU
		Release|Any CPU = Release|Any CPU
	EndGlobalSection
	GlobalSection(ProjectConfigurationPlatforms) = postSolution
		{77C7D586-FEE9-40E2-A1C4-699EF4B0A1F3}.Debug|Any CPU.ActiveCfg = Debug|Any CPU
		{77C7D586-FEE9-40E2-A1C4-699EF4B0A1F3}.Debug|Any CPU.Build.0 = Debug|Any CPU
		{77C7D586-FEE9-40E2-A1C4-699EF4B0A1F3}.Release|Any CPU.ActiveCfg = Release|Any CPU
		{77C7D586-FEE9-40E2-A1C4-699EF4B0A1F3}.Release|Any CPU.Build.0 = Release|Any CPU
		{CA3C3D39-6775-4234-B343-38F0724ADCF8}.Debug|Any CPU.ActiveCfg = Debug|Any CPU
		{CA3C3D39-6775-4234-B343-38F0724ADCF8}.Debug|Any CPU.Build.0 = Debug|Any CPU
		{CA3C3D39-6775-4234-B343-38F0724ADCF8}.Release|Any CPU.ActiveCfg = Release|Any CPU
		{CA3C3D39-6775-4234-B343-38F0724ADCF8}.Release|Any CPU.Build.0 = Release|Any CPU
		{9BEA3809-B6D5-4025-AE7E-868E5E7E9C76}.Debug|Any CPU.ActiveCfg = Debug|Any CPU
		{9BEA3809-B6D5-4025-AE7E-868E5E7E9C76}.Debug|Any CPU.Build.0 = Debug|Any CPU
		{9BEA3809-B6D5-4025-AE7E-868E5E7E9C76}.Release|Any CPU.ActiveCfg = Release|Any CPU
		{9BEA3809-B6D5-4025-AE7E-868E5E7E9C76}.Release|Any CPU.Build.0 = Release|Any CPU
		{A4DEE358-3203-425C-80E9-8EBA0A01B73F}.Debug|Any CPU.ActiveCfg = Debug|Any CPU
		{A4DEE358-3203-425C-80E9-8EBA0A01B73F}.Debug|Any CPU.Build.0 = Debug|Any CPU
		{A4DEE358-3203-425C-80E9-8EBA0A01B73F}.Release|Any CPU.ActiveCfg = Release|Any CPU
		{A4DEE358-3203-425C-80E9-8EBA0A01B73F}.Release|Any CPU.Build.0 = Release|Any CPU
		{88DFDF57-A52B-4D71-A0C4-BEF1A3839506}.Debug|Any CPU.ActiveCfg = Debug|Any CPU
		{88DFDF57-A52B-4D71-A0C4-BEF1A3839506}.Debug|Any CPU.Build.0 = Debug|Any CPU
		{88DFDF57-A52B-4D71-A0C4-BEF1A3839506}.Release|Any CPU.ActiveCfg = Release|Any CPU
		{88DFDF57-A52B-4D71-A0C4-BEF1A3839506}.Release|Any CPU.Build.0 = Release|Any CPU
		{0361910A-7773-4EE9-861B-FFC5636D82D1}.Debug|Any CPU.ActiveCfg = Debug|Any CPU
		{0361910A-7773-4EE9-861B-FFC5636D82D1}.Debug|Any CPU.Build.0 = Debug|Any CPU
		{0361910A-7773-4EE9-861B-FFC5636D82D1}.Release|Any CPU.ActiveCfg = Release|Any CPU
		{0361910A-7773-4EE9-861B-FFC5636D82D1}.Release|Any CPU.Build.0 = Release|Any CPU
		{58F77141-FFE7-45F6-B726-80100204E69D}.Debug|Any CPU.ActiveCfg = Debug|Any CPU
		{58F77141-FFE7-45F6-B726-80100204E69D}.Debug|Any CPU.Build.0 = Debug|Any CPU
		{58F77141-FFE7-45F6-B726-80100204E69D}.Release|Any CPU.ActiveCfg = Release|Any CPU
		{58F77141-FFE7-45F6-B726-80100204E69D}.Release|Any CPU.Build.0 = Release|Any CPU
		{BFFE76A6-7E9D-42FA-AB3A-108BD2125923}.Debug|Any CPU.ActiveCfg = Debug|Any CPU
		{BFFE76A6-7E9D-42FA-AB3A-108BD2125923}.Debug|Any CPU.Build.0 = Debug|Any CPU
		{BFFE76A6-7E9D-42FA-AB3A-108BD2125923}.Release|Any CPU.ActiveCfg = Release|Any CPU
		{BFFE76A6-7E9D-42FA-AB3A-108BD2125923}.Release|Any CPU.Build.0 = Release|Any CPU
		{EF3D84F8-3D64-45D7-9050-3AE204F5AA72}.Debug|Any CPU.ActiveCfg = Debug|Any CPU
		{EF3D84F8-3D64-45D7-9050-3AE204F5AA72}.Debug|Any CPU.Build.0 = Debug|Any CPU
		{EF3D84F8-3D64-45D7-9050-3AE204F5AA72}.Release|Any CPU.ActiveCfg = Release|Any CPU
		{EF3D84F8-3D64-45D7-9050-3AE204F5AA72}.Release|Any CPU.Build.0 = Release|Any CPU
		{E2C5690C-EF80-4AFA-8107-5E58A936B15F}.Debug|Any CPU.ActiveCfg = Debug|Any CPU
		{E2C5690C-EF80-4AFA-8107-5E58A936B15F}.Debug|Any CPU.Build.0 = Debug|Any CPU
		{E2C5690C-EF80-4AFA-8107-5E58A936B15F}.Release|Any CPU.ActiveCfg = Release|Any CPU
		{E2C5690C-EF80-4AFA-8107-5E58A936B15F}.Release|Any CPU.Build.0 = Release|Any CPU
		{9408FEDE-8A04-460D-8FD9-1C710C1BAAEB}.Debug|Any CPU.ActiveCfg = Debug|Any CPU
		{9408FEDE-8A04-460D-8FD9-1C710C1BAAEB}.Debug|Any CPU.Build.0 = Debug|Any CPU
		{9408FEDE-8A04-460D-8FD9-1C710C1BAAEB}.Release|Any CPU.ActiveCfg = Release|Any CPU
		{9408FEDE-8A04-460D-8FD9-1C710C1BAAEB}.Release|Any CPU.Build.0 = Release|Any CPU
		{BA48911F-16A7-4CC7-A04C-6559BAE1F89F}.Debug|Any CPU.ActiveCfg = Debug|Any CPU
		{BA48911F-16A7-4CC7-A04C-6559BAE1F89F}.Debug|Any CPU.Build.0 = Debug|Any CPU
		{BA48911F-16A7-4CC7-A04C-6559BAE1F89F}.Release|Any CPU.ActiveCfg = Release|Any CPU
		{BA48911F-16A7-4CC7-A04C-6559BAE1F89F}.Release|Any CPU.Build.0 = Release|Any CPU
		{EF3BDE7C-A3D5-493A-8817-BF47DF9CAE47}.Debug|Any CPU.ActiveCfg = Debug|Any CPU
		{EF3BDE7C-A3D5-493A-8817-BF47DF9CAE47}.Debug|Any CPU.Build.0 = Debug|Any CPU
		{EF3BDE7C-A3D5-493A-8817-BF47DF9CAE47}.Release|Any CPU.ActiveCfg = Release|Any CPU
		{EF3BDE7C-A3D5-493A-8817-BF47DF9CAE47}.Release|Any CPU.Build.0 = Release|Any CPU
		{695F3E2D-2DD0-418F-9805-B6400B6B4466}.Debug|Any CPU.ActiveCfg = Debug|Any CPU
		{695F3E2D-2DD0-418F-9805-B6400B6B4466}.Debug|Any CPU.Build.0 = Debug|Any CPU
		{695F3E2D-2DD0-418F-9805-B6400B6B4466}.Release|Any CPU.ActiveCfg = Release|Any CPU
		{695F3E2D-2DD0-418F-9805-B6400B6B4466}.Release|Any CPU.Build.0 = Release|Any CPU
		{123D352D-8DDF-49EF-9373-A4523A05DBDA}.Debug|Any CPU.ActiveCfg = Debug|Any CPU
		{123D352D-8DDF-49EF-9373-A4523A05DBDA}.Debug|Any CPU.Build.0 = Debug|Any CPU
		{123D352D-8DDF-49EF-9373-A4523A05DBDA}.Release|Any CPU.ActiveCfg = Release|Any CPU
		{123D352D-8DDF-49EF-9373-A4523A05DBDA}.Release|Any CPU.Build.0 = Release|Any CPU
		{CD47926F-7148-49A1-AD08-A96B74A3A5F6}.Debug|Any CPU.ActiveCfg = Debug|Any CPU
		{CD47926F-7148-49A1-AD08-A96B74A3A5F6}.Debug|Any CPU.Build.0 = Debug|Any CPU
		{CD47926F-7148-49A1-AD08-A96B74A3A5F6}.Release|Any CPU.ActiveCfg = Release|Any CPU
		{CD47926F-7148-49A1-AD08-A96B74A3A5F6}.Release|Any CPU.Build.0 = Release|Any CPU
		{8993AD31-C303-4CA0-92D9-C100585A78E5}.Debug|Any CPU.ActiveCfg = Debug|Any CPU
		{8993AD31-C303-4CA0-92D9-C100585A78E5}.Debug|Any CPU.Build.0 = Debug|Any CPU
		{8993AD31-C303-4CA0-92D9-C100585A78E5}.Release|Any CPU.ActiveCfg = Release|Any CPU
		{8993AD31-C303-4CA0-92D9-C100585A78E5}.Release|Any CPU.Build.0 = Release|Any CPU
	EndGlobalSection
	GlobalSection(SolutionProperties) = preSolution
		HideSolutionNode = FALSE
	EndGlobalSection
	GlobalSection(NestedProjects) = preSolution
		{CA3C3D39-6775-4234-B343-38F0724ADCF8} = {0DFA1BB9-74FE-4C63-B8AF-0B312ED992F6}
		{9BEA3809-B6D5-4025-AE7E-868E5E7E9C76} = {0DFA1BB9-74FE-4C63-B8AF-0B312ED992F6}
		{A4DEE358-3203-425C-80E9-8EBA0A01B73F} = {0DFA1BB9-74FE-4C63-B8AF-0B312ED992F6}
		{88DFDF57-A52B-4D71-A0C4-BEF1A3839506} = {0DFA1BB9-74FE-4C63-B8AF-0B312ED992F6}
		{0361910A-7773-4EE9-861B-FFC5636D82D1} = {23C8FECB-C7F3-4FF1-B2FF-8B296420C8CB}
		{58F77141-FFE7-45F6-B726-80100204E69D} = {0DFA1BB9-74FE-4C63-B8AF-0B312ED992F6}
		{BFFE76A6-7E9D-42FA-AB3A-108BD2125923} = {0DFA1BB9-74FE-4C63-B8AF-0B312ED992F6}
		{EF3D84F8-3D64-45D7-9050-3AE204F5AA72} = {23C8FECB-C7F3-4FF1-B2FF-8B296420C8CB}
		{E2C5690C-EF80-4AFA-8107-5E58A936B15F} = {23C8FECB-C7F3-4FF1-B2FF-8B296420C8CB}
		{9408FEDE-8A04-460D-8FD9-1C710C1BAAEB} = {23C8FECB-C7F3-4FF1-B2FF-8B296420C8CB}
		{BA48911F-16A7-4CC7-A04C-6559BAE1F89F} = {23C8FECB-C7F3-4FF1-B2FF-8B296420C8CB}
		{EF3BDE7C-A3D5-493A-8817-BF47DF9CAE47} = {0DFA1BB9-74FE-4C63-B8AF-0B312ED992F6}
		{695F3E2D-2DD0-418F-9805-B6400B6B4466} = {BF2A4AB4-6B8F-4AC1-B90A-4A238B082F85}
		{123D352D-8DDF-49EF-9373-A4523A05DBDA} = {BF2A4AB4-6B8F-4AC1-B90A-4A238B082F85}
		{CD47926F-7148-49A1-AD08-A96B74A3A5F6} = {1FB0A4E1-7F94-4FCB-A26B-312A7A3B5036}
		{8993AD31-C303-4CA0-92D9-C100585A78E5} = {23C8FECB-C7F3-4FF1-B2FF-8B296420C8CB}
	EndGlobalSection
EndGlobal
